
Microsoft Visual Studio Solution File, Format Version 12.00
# Visual Studio Version 16
VisualStudioVersion = 16.0.31025.194
MinimumVisualStudioVersion = 10.0.40219.1
Project("{FAE04EC0-301F-11D3-BF4B-00C04F79EFBC}") = "Petek.BUmatik.DataAccess", "Petek.BUmatik.DataAccess\Petek.BUmatik.DataAccess.csproj", "{37B14191-264D-46B7-93D1-24CB53263862}"
EndProject
Project("{FAE04EC0-301F-11D3-BF4B-00C04F79EFBC}") = "Petek.BUmatik.Business", "Petek.BUmatik.Business\Petek.BUmatik.Business.csproj", "{A582B6AC-6D65-4C24-BFA5-A87341F75F9F}"
EndProject
Project("{FAE04EC0-301F-11D3-BF4B-00C04F79EFBC}") = "Petek.BUmatik.Entities", "Petek.BUmatik.Entities\Petek.BUmatik.Entities.csproj", "{C434681B-C4DA-436E-94C7-364D0B398D15}"
EndProject
Project("{FAE04EC0-301F-11D3-BF4B-00C04F79EFBC}") = "Petek.BUmatik.API", "Petek.BUmatik.API\Petek.BUmatik.API.csproj", "{15BD5C10-D4CE-43AA-9772-D028AC295281}"
EndProject
Global
	GlobalSection(SolutionConfigurationPlatforms) = preSolution
		Debug|Any CPU = Debug|Any CPU
		Release|Any CPU = Release|Any CPU
	EndGlobalSection
	GlobalSection(ProjectConfigurationPlatforms) = postSolution
		{37B14191-264D-46B7-93D1-24CB53263862}.Debug|Any CPU.ActiveCfg = Debug|Any CPU
		{37B14191-264D-46B7-93D1-24CB53263862}.Debug|Any CPU.Build.0 = Debug|Any CPU
		{37B14191-264D-46B7-93D1-24CB53263862}.Release|Any CPU.ActiveCfg = Release|Any CPU
		{37B14191-264D-46B7-93D1-24CB53263862}.Release|Any CPU.Build.0 = Release|Any CPU
		{A582B6AC-6D65-4C24-BFA5-A87341F75F9F}.Debug|Any CPU.ActiveCfg = Debug|Any CPU
		{A582B6AC-6D65-4C24-BFA5-A87341F75F9F}.Debug|Any CPU.Build.0 = Debug|Any CPU
		{A582B6AC-6D65-4C24-BFA5-A87341F75F9F}.Release|Any CPU.ActiveCfg = Release|Any CPU
		{A582B6AC-6D65-4C24-BFA5-A87341F75F9F}.Release|Any CPU.Build.0 = Release|Any CPU
		{C434681B-C4DA-436E-94C7-364D0B398D15}.Debug|Any CPU.ActiveCfg = Debug|Any CPU
		{C434681B-C4DA-436E-94C7-364D0B398D15}.Debug|Any CPU.Build.0 = Debug|Any CPU
		{C434681B-C4DA-436E-94C7-364D0B398D15}.Release|Any CPU.ActiveCfg = Release|Any CPU
		{C434681B-C4DA-436E-94C7-364D0B398D15}.Release|Any CPU.Build.0 = Release|Any CPU
		{15BD5C10-D4CE-43AA-9772-D028AC295281}.Debug|Any CPU.ActiveCfg = Debug|Any CPU
		{15BD5C10-D4CE-43AA-9772-D028AC295281}.Debug|Any CPU.Build.0 = Debug|Any CPU
		{15BD5C10-D4CE-43AA-9772-D028AC295281}.Release|Any CPU.ActiveCfg = Release|Any CPU
		{15BD5C10-D4CE-43AA-9772-D028AC295281}.Release|Any CPU.Build.0 = Release|Any CPU
	EndGlobalSection
	GlobalSection(SolutionProperties) = preSolution
		HideSolutionNode = FALSE
	EndGlobalSection
	GlobalSection(ExtensibilityGlobals) = postSolution
		SolutionGuid = {0831402C-5065-406E-830F-BCF2D4BB4B23}
	EndGlobalSection
EndGlobal
